
Microsoft Visual Studio Solution File, Format Version 12.00
# Visual Studio Version 17
VisualStudioVersion = 17.7.34024.191
MinimumVisualStudioVersion = 10.0.40219.1
Project("{FAE04EC0-301F-11D3-BF4B-00C04F79EFBC}") = "MyClass", "MyClass.csproj", "{BEFF4169-12DE-477E-8B8B-41FC7D2ED590}"
EndProject
Global
	GlobalSection(SolutionConfigurationPlatforms) = preSolution
		Debug|Any CPU = Debug|Any CPU
		Release|Any CPU = Release|Any CPU
	EndGlobalSection
	GlobalSection(ProjectConfigurationPlatforms) = postSolution
		{BEFF4169-12DE-477E-8B8B-41FC7D2ED590}.Debug|Any CPU.ActiveCfg = Debug|Any CPU
		{BEFF4169-12DE-477E-8B8B-41FC7D2ED590}.Debug|Any CPU.Build.0 = Debug|Any CPU
		{BEFF4169-12DE-477E-8B8B-41FC7D2ED590}.Release|Any CPU.ActiveCfg = Release|Any CPU
		{BEFF4169-12DE-477E-8B8B-41FC7D2ED590}.Release|Any CPU.Build.0 = Release|Any CPU
	EndGlobalSection
	GlobalSection(SolutionProperties) = preSolution
		HideSolutionNode = FALSE
	EndGlobalSection
	GlobalSection(ExtensibilityGlobals) = postSolution
		SolutionGuid = {7BDA6064-8EAD-44B5-9ABB-D3928282EB6A}
	EndGlobalSection
EndGlobal
