
Microsoft Visual Studio Solution File, Format Version 12.00
# Visual Studio Version 17
VisualStudioVersion = 17.7.34024.191
MinimumVisualStudioVersion = 10.0.40219.1
Project("{FAE04EC0-301F-11D3-BF4B-00C04F79EFBC}") = "StructType", "StructType.csproj", "{10B7ECEE-AA00-48FC-BCE6-7A439803771B}"
EndProject
Global
	GlobalSection(SolutionConfigurationPlatforms) = preSolution
		Debug|Any CPU = Debug|Any CPU
		Release|Any CPU = Release|Any CPU
	EndGlobalSection
	GlobalSection(ProjectConfigurationPlatforms) = postSolution
		{10B7ECEE-AA00-48FC-BCE6-7A439803771B}.Debug|Any CPU.ActiveCfg = Debug|Any CPU
		{10B7ECEE-AA00-48FC-BCE6-7A439803771B}.Debug|Any CPU.Build.0 = Debug|Any CPU
		{10B7ECEE-AA00-48FC-BCE6-7A439803771B}.Release|Any CPU.ActiveCfg = Release|Any CPU
		{10B7ECEE-AA00-48FC-BCE6-7A439803771B}.Release|Any CPU.Build.0 = Release|Any CPU
	EndGlobalSection
	GlobalSection(SolutionProperties) = preSolution
		HideSolutionNode = FALSE
	EndGlobalSection
	GlobalSection(ExtensibilityGlobals) = postSolution
		SolutionGuid = {33113F7E-276B-4285-8C9D-4945C3DF0469}
	EndGlobalSection
EndGlobal
