
Microsoft Visual Studio Solution File, Format Version 12.00
# Visual Studio Version 17
VisualStudioVersion = 17.7.34024.191
MinimumVisualStudioVersion = 10.0.40219.1
Project("{FAE04EC0-301F-11D3-BF4B-00C04F79EFBC}") = "Loop", "Loop.csproj", "{50D7FD26-AB9F-41FC-BD58-B73D30D4DAE1}"
EndProject
Global
	GlobalSection(SolutionConfigurationPlatforms) = preSolution
		Debug|Any CPU = Debug|Any CPU
		Release|Any CPU = Release|Any CPU
	EndGlobalSection
	GlobalSection(ProjectConfigurationPlatforms) = postSolution
		{50D7FD26-AB9F-41FC-BD58-B73D30D4DAE1}.Debug|Any CPU.ActiveCfg = Debug|Any CPU
		{50D7FD26-AB9F-41FC-BD58-B73D30D4DAE1}.Debug|Any CPU.Build.0 = Debug|Any CPU
		{50D7FD26-AB9F-41FC-BD58-B73D30D4DAE1}.Release|Any CPU.ActiveCfg = Release|Any CPU
		{50D7FD26-AB9F-41FC-BD58-B73D30D4DAE1}.Release|Any CPU.Build.0 = Release|Any CPU
	EndGlobalSection
	GlobalSection(SolutionProperties) = preSolution
		HideSolutionNode = FALSE
	EndGlobalSection
	GlobalSection(ExtensibilityGlobals) = postSolution
		SolutionGuid = {4185F0B3-5AD6-490A-9355-08E8EC82CED1}
	EndGlobalSection
EndGlobal
